
Microsoft Visual Studio Solution File, Format Version 12.00
# Visual Studio 15
VisualStudioVersion = 15.0.28307.421
MinimumVisualStudioVersion = 10.0.40219.1
Project("{FAE04EC0-301F-11D3-BF4B-00C04F79EFBC}") = "App.Entities", "App.Entities\App.Entities.csproj", "{8031E06E-B44D-4F1A-9387-E753C3165941}"
EndProject
Project("{FAE04EC0-301F-11D3-BF4B-00C04F79EFBC}") = "App.Data", "App.Data\App.Data.csproj", "{D8B8D4C9-B985-4D9B-80A4-2467CDD31710}"
EndProject
Project("{FAE04EC0-301F-11D3-BF4B-00C04F79EFBC}") = "App.Data.Test", "App.Data.Test\App.Data.Test.csproj", "{EAF559F6-8D95-4460-BD9A-A304496A2E38}"
EndProject
Global
	GlobalSection(SolutionConfigurationPlatforms) = preSolution
		Debug|Any CPU = Debug|Any CPU
		Release|Any CPU = Release|Any CPU
	EndGlobalSection
	GlobalSection(ProjectConfigurationPlatforms) = postSolution
		{8031E06E-B44D-4F1A-9387-E753C3165941}.Debug|Any CPU.ActiveCfg = Debug|Any CPU
		{8031E06E-B44D-4F1A-9387-E753C3165941}.Debug|Any CPU.Build.0 = Debug|Any CPU
		{8031E06E-B44D-4F1A-9387-E753C3165941}.Release|Any CPU.ActiveCfg = Release|Any CPU
		{8031E06E-B44D-4F1A-9387-E753C3165941}.Release|Any CPU.Build.0 = Release|Any CPU
		{D8B8D4C9-B985-4D9B-80A4-2467CDD31710}.Debug|Any CPU.ActiveCfg = Debug|Any CPU
		{D8B8D4C9-B985-4D9B-80A4-2467CDD31710}.Debug|Any CPU.Build.0 = Debug|Any CPU
		{D8B8D4C9-B985-4D9B-80A4-2467CDD31710}.Release|Any CPU.ActiveCfg = Release|Any CPU
		{D8B8D4C9-B985-4D9B-80A4-2467CDD31710}.Release|Any CPU.Build.0 = Release|Any CPU
		{EAF559F6-8D95-4460-BD9A-A304496A2E38}.Debug|Any CPU.ActiveCfg = Debug|Any CPU
		{EAF559F6-8D95-4460-BD9A-A304496A2E38}.Debug|Any CPU.Build.0 = Debug|Any CPU
		{EAF559F6-8D95-4460-BD9A-A304496A2E38}.Release|Any CPU.ActiveCfg = Release|Any CPU
		{EAF559F6-8D95-4460-BD9A-A304496A2E38}.Release|Any CPU.Build.0 = Release|Any CPU
	EndGlobalSection
	GlobalSection(SolutionProperties) = preSolution
		HideSolutionNode = FALSE
	EndGlobalSection
	GlobalSection(ExtensibilityGlobals) = postSolution
		SolutionGuid = {7617A376-109A-42AF-B8D8-D1D96E8D273A}
	EndGlobalSection
EndGlobal
