
Microsoft Visual Studio Solution File, Format Version 12.00
# Visual Studio 15
VisualStudioVersion = 15.0.28307.421
MinimumVisualStudioVersion = 10.0.40219.1
Project("{FAE04EC0-301F-11D3-BF4B-00C04F79EFBC}") = "App.Data.DataAccess", "App.Data.DataAccess\App.Data.DataAccess.csproj", "{178FB344-2239-41EF-A12A-41ECD719A80C}"
EndProject
Project("{FAE04EC0-301F-11D3-BF4B-00C04F79EFBC}") = "App.Entities.Base", "App.Entities.Base\App.Entities.Base.csproj", "{A9E71466-2473-46DF-AF95-EC9A11ACDE26}"
EndProject
Project("{FAE04EC0-301F-11D3-BF4B-00C04F79EFBC}") = "App.Data.DataAccessTest", "App.Data.DataAccessTest\App.Data.DataAccessTest.csproj", "{62AF0228-F41F-4598-ADC0-D6C89A867789}"
EndProject
Global
	GlobalSection(SolutionConfigurationPlatforms) = preSolution
		Debug|Any CPU = Debug|Any CPU
		Release|Any CPU = Release|Any CPU
	EndGlobalSection
	GlobalSection(ProjectConfigurationPlatforms) = postSolution
		{178FB344-2239-41EF-A12A-41ECD719A80C}.Debug|Any CPU.ActiveCfg = Debug|Any CPU
		{178FB344-2239-41EF-A12A-41ECD719A80C}.Debug|Any CPU.Build.0 = Debug|Any CPU
		{178FB344-2239-41EF-A12A-41ECD719A80C}.Release|Any CPU.ActiveCfg = Release|Any CPU
		{178FB344-2239-41EF-A12A-41ECD719A80C}.Release|Any CPU.Build.0 = Release|Any CPU
		{A9E71466-2473-46DF-AF95-EC9A11ACDE26}.Debug|Any CPU.ActiveCfg = Debug|Any CPU
		{A9E71466-2473-46DF-AF95-EC9A11ACDE26}.Debug|Any CPU.Build.0 = Debug|Any CPU
		{A9E71466-2473-46DF-AF95-EC9A11ACDE26}.Release|Any CPU.ActiveCfg = Release|Any CPU
		{A9E71466-2473-46DF-AF95-EC9A11ACDE26}.Release|Any CPU.Build.0 = Release|Any CPU
		{62AF0228-F41F-4598-ADC0-D6C89A867789}.Debug|Any CPU.ActiveCfg = Debug|Any CPU
		{62AF0228-F41F-4598-ADC0-D6C89A867789}.Debug|Any CPU.Build.0 = Debug|Any CPU
		{62AF0228-F41F-4598-ADC0-D6C89A867789}.Release|Any CPU.ActiveCfg = Release|Any CPU
		{62AF0228-F41F-4598-ADC0-D6C89A867789}.Release|Any CPU.Build.0 = Release|Any CPU
	EndGlobalSection
	GlobalSection(SolutionProperties) = preSolution
		HideSolutionNode = FALSE
	EndGlobalSection
	GlobalSection(ExtensibilityGlobals) = postSolution
		SolutionGuid = {5BE4EFDD-D446-4DCB-A1BC-F727509487FE}
	EndGlobalSection
EndGlobal
