
Microsoft Visual Studio Solution File, Format Version 12.00
# Visual Studio 15
VisualStudioVersion = 15.0.28307.421
MinimumVisualStudioVersion = 10.0.40219.1
Project("{FAE04EC0-301F-11D3-BF4B-00C04F79EFBC}") = "App.Data.DataAccess", "App.Data.DataAccess\App.Data.DataAccess.csproj", "{178FB344-2239-41EF-A12A-41ECD719A80C}"
EndProject
Project("{FAE04EC0-301F-11D3-BF4B-00C04F79EFBC}") = "App.Entities.Base", "App.Entities.Base\App.Entities.Base.csproj", "{A9E71466-2473-46DF-AF95-EC9A11ACDE26}"
EndProject
Project("{FAE04EC0-301F-11D3-BF4B-00C04F79EFBC}") = "App.Data.DataAccessTest", "App.Data.DataAccessTest\App.Data.DataAccessTest.csproj", "{62AF0228-F41F-4598-ADC0-D6C89A867789}"
EndProject
Project("{FAE04EC0-301F-11D3-BF4B-00C04F79EFBC}") = "App.Entities.Queries", "App.Entities.Queries\App.Entities.Queries.csproj", "{064A0663-70EE-4CBA-A96A-DE23A06AE2EE}"
EndProject
Project("{FAE04EC0-301F-11D3-BF4B-00C04F79EFBC}") = "App.UI.Desktop", "App.UI.Desktop\App.UI.Desktop.csproj", "{6466ED86-E234-47C5-A8FD-2EA9C26910C4}"
EndProject
Project("{2150E333-8FDC-42A3-9474-1A3956D46DE8}") = "Data", "Data", "{CA1857E6-F31A-4338-9DA7-1A007E950B26}"
EndProject
Project("{2150E333-8FDC-42A3-9474-1A3956D46DE8}") = "Entities", "Entities", "{78F0E283-926F-4BFC-8D41-0633EF4CCC08}"
EndProject
Project("{2150E333-8FDC-42A3-9474-1A3956D46DE8}") = "UI.Design", "UI.Design", "{33106CE4-2C83-4DE1-80C1-813151EE2F85}"
EndProject
Project("{FAE04EC0-301F-11D3-BF4B-00C04F79EFBC}") = "App.Data.Repository.Interface", "App.Data.Repository.Interface\App.Data.Repository.Interface.csproj", "{100FB7D3-44C4-4375-AC59-F04E5E9B7132}"
EndProject
Project("{FAE04EC0-301F-11D3-BF4B-00C04F79EFBC}") = "App.Data.repository", "App.Data.repository\App.Data.repository.csproj", "{351F1EBD-C23A-4D02-A1F8-7EFC1D79AA3D}"
EndProject
Project("{FAE04EC0-301F-11D3-BF4B-00C04F79EFBC}") = "App.Data.RepositoryTest", "App.Data.RepositoryTest\App.Data.RepositoryTest.csproj", "{445641F7-3B12-41C3-AB4C-F0E583DA9B7B}"
EndProject
Global
	GlobalSection(SolutionConfigurationPlatforms) = preSolution
		Debug|Any CPU = Debug|Any CPU
		Release|Any CPU = Release|Any CPU
	EndGlobalSection
	GlobalSection(ProjectConfigurationPlatforms) = postSolution
		{178FB344-2239-41EF-A12A-41ECD719A80C}.Debug|Any CPU.ActiveCfg = Debug|Any CPU
		{178FB344-2239-41EF-A12A-41ECD719A80C}.Debug|Any CPU.Build.0 = Debug|Any CPU
		{178FB344-2239-41EF-A12A-41ECD719A80C}.Release|Any CPU.ActiveCfg = Release|Any CPU
		{178FB344-2239-41EF-A12A-41ECD719A80C}.Release|Any CPU.Build.0 = Release|Any CPU
		{A9E71466-2473-46DF-AF95-EC9A11ACDE26}.Debug|Any CPU.ActiveCfg = Debug|Any CPU
		{A9E71466-2473-46DF-AF95-EC9A11ACDE26}.Debug|Any CPU.Build.0 = Debug|Any CPU
		{A9E71466-2473-46DF-AF95-EC9A11ACDE26}.Release|Any CPU.ActiveCfg = Release|Any CPU
		{A9E71466-2473-46DF-AF95-EC9A11ACDE26}.Release|Any CPU.Build.0 = Release|Any CPU
		{62AF0228-F41F-4598-ADC0-D6C89A867789}.Debug|Any CPU.ActiveCfg = Debug|Any CPU
		{62AF0228-F41F-4598-ADC0-D6C89A867789}.Debug|Any CPU.Build.0 = Debug|Any CPU
		{62AF0228-F41F-4598-ADC0-D6C89A867789}.Release|Any CPU.ActiveCfg = Release|Any CPU
		{62AF0228-F41F-4598-ADC0-D6C89A867789}.Release|Any CPU.Build.0 = Release|Any CPU
		{064A0663-70EE-4CBA-A96A-DE23A06AE2EE}.Debug|Any CPU.ActiveCfg = Debug|Any CPU
		{064A0663-70EE-4CBA-A96A-DE23A06AE2EE}.Debug|Any CPU.Build.0 = Debug|Any CPU
		{064A0663-70EE-4CBA-A96A-DE23A06AE2EE}.Release|Any CPU.ActiveCfg = Release|Any CPU
		{064A0663-70EE-4CBA-A96A-DE23A06AE2EE}.Release|Any CPU.Build.0 = Release|Any CPU
		{6466ED86-E234-47C5-A8FD-2EA9C26910C4}.Debug|Any CPU.ActiveCfg = Debug|Any CPU
		{6466ED86-E234-47C5-A8FD-2EA9C26910C4}.Debug|Any CPU.Build.0 = Debug|Any CPU
		{6466ED86-E234-47C5-A8FD-2EA9C26910C4}.Release|Any CPU.ActiveCfg = Release|Any CPU
		{6466ED86-E234-47C5-A8FD-2EA9C26910C4}.Release|Any CPU.Build.0 = Release|Any CPU
		{100FB7D3-44C4-4375-AC59-F04E5E9B7132}.Debug|Any CPU.ActiveCfg = Debug|Any CPU
		{100FB7D3-44C4-4375-AC59-F04E5E9B7132}.Debug|Any CPU.Build.0 = Debug|Any CPU
		{100FB7D3-44C4-4375-AC59-F04E5E9B7132}.Release|Any CPU.ActiveCfg = Release|Any CPU
		{100FB7D3-44C4-4375-AC59-F04E5E9B7132}.Release|Any CPU.Build.0 = Release|Any CPU
		{351F1EBD-C23A-4D02-A1F8-7EFC1D79AA3D}.Debug|Any CPU.ActiveCfg = Debug|Any CPU
		{351F1EBD-C23A-4D02-A1F8-7EFC1D79AA3D}.Debug|Any CPU.Build.0 = Debug|Any CPU
		{351F1EBD-C23A-4D02-A1F8-7EFC1D79AA3D}.Release|Any CPU.ActiveCfg = Release|Any CPU
		{351F1EBD-C23A-4D02-A1F8-7EFC1D79AA3D}.Release|Any CPU.Build.0 = Release|Any CPU
		{445641F7-3B12-41C3-AB4C-F0E583DA9B7B}.Debug|Any CPU.ActiveCfg = Debug|Any CPU
		{445641F7-3B12-41C3-AB4C-F0E583DA9B7B}.Debug|Any CPU.Build.0 = Debug|Any CPU
		{445641F7-3B12-41C3-AB4C-F0E583DA9B7B}.Release|Any CPU.ActiveCfg = Release|Any CPU
		{445641F7-3B12-41C3-AB4C-F0E583DA9B7B}.Release|Any CPU.Build.0 = Release|Any CPU
	EndGlobalSection
	GlobalSection(SolutionProperties) = preSolution
		HideSolutionNode = FALSE
	EndGlobalSection
	GlobalSection(NestedProjects) = preSolution
		{178FB344-2239-41EF-A12A-41ECD719A80C} = {CA1857E6-F31A-4338-9DA7-1A007E950B26}
		{A9E71466-2473-46DF-AF95-EC9A11ACDE26} = {78F0E283-926F-4BFC-8D41-0633EF4CCC08}
		{62AF0228-F41F-4598-ADC0-D6C89A867789} = {CA1857E6-F31A-4338-9DA7-1A007E950B26}
		{064A0663-70EE-4CBA-A96A-DE23A06AE2EE} = {78F0E283-926F-4BFC-8D41-0633EF4CCC08}
		{6466ED86-E234-47C5-A8FD-2EA9C26910C4} = {33106CE4-2C83-4DE1-80C1-813151EE2F85}
		{100FB7D3-44C4-4375-AC59-F04E5E9B7132} = {CA1857E6-F31A-4338-9DA7-1A007E950B26}
		{351F1EBD-C23A-4D02-A1F8-7EFC1D79AA3D} = {CA1857E6-F31A-4338-9DA7-1A007E950B26}
		{445641F7-3B12-41C3-AB4C-F0E583DA9B7B} = {CA1857E6-F31A-4338-9DA7-1A007E950B26}
	EndGlobalSection
	GlobalSection(ExtensibilityGlobals) = postSolution
		SolutionGuid = {5BE4EFDD-D446-4DCB-A1BC-F727509487FE}
	EndGlobalSection
EndGlobal
