
Microsoft Visual Studio Solution File, Format Version 12.00
# Visual Studio 15
VisualStudioVersion = 15.0.28307.421
MinimumVisualStudioVersion = 10.0.40219.1
Project("{2150E333-8FDC-42A3-9474-1A3956D46DE8}") = "Data", "Data", "{976363B3-F015-4998-989B-3D2307F0AEE1}"
EndProject
Project("{2150E333-8FDC-42A3-9474-1A3956D46DE8}") = "Entities", "Entities", "{7947A507-3C8B-40B0-B7AD-260E4D406006}"
EndProject
Project("{FAE04EC0-301F-11D3-BF4B-00C04F79EFBC}") = "App.Data.DataAcces", "App.Data.DataAcces\App.Data.DataAcces.csproj", "{6FEC45D1-5D78-4880-AE7D-58A5B2788257}"
EndProject
Project("{FAE04EC0-301F-11D3-BF4B-00C04F79EFBC}") = "App.Entities.Base", "App.Entities.Base\App.Entities.Base.csproj", "{84B928FB-1358-4F11-8117-7D2D2F2BAC17}"
EndProject
Project("{FAE04EC0-301F-11D3-BF4B-00C04F79EFBC}") = "App.Data.UnitTest", "App.Data.UnitTest\App.Data.UnitTest.csproj", "{9177587E-8574-4DA8-86CE-D8A2C6F5A842}"
EndProject
Project("{FAE04EC0-301F-11D3-BF4B-00C04F79EFBC}") = "App.Entities.Query", "App.Entities.Query\App.Entities.Query.csproj", "{62A1FE20-BCFA-4D99-9EBB-E89091D334EF}"
EndProject
Global
	GlobalSection(SolutionConfigurationPlatforms) = preSolution
		Debug|Any CPU = Debug|Any CPU
		Release|Any CPU = Release|Any CPU
	EndGlobalSection
	GlobalSection(ProjectConfigurationPlatforms) = postSolution
		{6FEC45D1-5D78-4880-AE7D-58A5B2788257}.Debug|Any CPU.ActiveCfg = Debug|Any CPU
		{6FEC45D1-5D78-4880-AE7D-58A5B2788257}.Debug|Any CPU.Build.0 = Debug|Any CPU
		{6FEC45D1-5D78-4880-AE7D-58A5B2788257}.Release|Any CPU.ActiveCfg = Release|Any CPU
		{6FEC45D1-5D78-4880-AE7D-58A5B2788257}.Release|Any CPU.Build.0 = Release|Any CPU
		{84B928FB-1358-4F11-8117-7D2D2F2BAC17}.Debug|Any CPU.ActiveCfg = Debug|Any CPU
		{84B928FB-1358-4F11-8117-7D2D2F2BAC17}.Debug|Any CPU.Build.0 = Debug|Any CPU
		{84B928FB-1358-4F11-8117-7D2D2F2BAC17}.Release|Any CPU.ActiveCfg = Release|Any CPU
		{84B928FB-1358-4F11-8117-7D2D2F2BAC17}.Release|Any CPU.Build.0 = Release|Any CPU
		{9177587E-8574-4DA8-86CE-D8A2C6F5A842}.Debug|Any CPU.ActiveCfg = Debug|Any CPU
		{9177587E-8574-4DA8-86CE-D8A2C6F5A842}.Debug|Any CPU.Build.0 = Debug|Any CPU
		{9177587E-8574-4DA8-86CE-D8A2C6F5A842}.Release|Any CPU.ActiveCfg = Release|Any CPU
		{9177587E-8574-4DA8-86CE-D8A2C6F5A842}.Release|Any CPU.Build.0 = Release|Any CPU
		{62A1FE20-BCFA-4D99-9EBB-E89091D334EF}.Debug|Any CPU.ActiveCfg = Debug|Any CPU
		{62A1FE20-BCFA-4D99-9EBB-E89091D334EF}.Debug|Any CPU.Build.0 = Debug|Any CPU
		{62A1FE20-BCFA-4D99-9EBB-E89091D334EF}.Release|Any CPU.ActiveCfg = Release|Any CPU
		{62A1FE20-BCFA-4D99-9EBB-E89091D334EF}.Release|Any CPU.Build.0 = Release|Any CPU
	EndGlobalSection
	GlobalSection(SolutionProperties) = preSolution
		HideSolutionNode = FALSE
	EndGlobalSection
	GlobalSection(NestedProjects) = preSolution
		{6FEC45D1-5D78-4880-AE7D-58A5B2788257} = {976363B3-F015-4998-989B-3D2307F0AEE1}
		{84B928FB-1358-4F11-8117-7D2D2F2BAC17} = {7947A507-3C8B-40B0-B7AD-260E4D406006}
		{9177587E-8574-4DA8-86CE-D8A2C6F5A842} = {976363B3-F015-4998-989B-3D2307F0AEE1}
		{62A1FE20-BCFA-4D99-9EBB-E89091D334EF} = {7947A507-3C8B-40B0-B7AD-260E4D406006}
	EndGlobalSection
	GlobalSection(ExtensibilityGlobals) = postSolution
		SolutionGuid = {F3DE4DDD-7CB1-4DC6-8E90-0020D17A2A09}
	EndGlobalSection
EndGlobal
